github.com/EugeneGpil/getFormattedUrls v0.1.0 h1:1lvL6rfRJY8xU0DQrypaHbdUgN/b6ACl5SXMf58sKIQ=
github.com/EugeneGpil/getFormattedUrls v0.1.0/go.mod h1:qe8oqvDy0EDAb8prx4cdJGVxHT5L6+kotLjmqb+/w24=
github.com/EugeneGpil/httpTester v0.0.8 h1:2TvrKezL7MbfOXyfL1XYt4FH7k22EOA4WCw0DKo+eXc=
github.com/EugeneGpil/httpTester v0.0.8/go.mod h1:Ch6zHHqEox7b08J1oP2pJcpuuWj4IEUtaejT7rTE5I8=
github.com/EugeneGpil/request v0.0.2 h1:BUJbcbWwcC5/dHBwkBQUM0zyA1PscbU5TUvv0G79+xs=
github.com/EugeneGpil/request v0.0.2/go.mod h1:X7dxCGmt/8SkYb/MoALcS7WyIi78Z5+V0OejFpslgZg=
github.com/EugeneGpil/response v0.0.1 h1:2riQAma7bMDWyzDx1uA0slr5t2cdmE0K7LHnxswpg3k=
github.com/EugeneGpil/response v0.0.1/go.mod h1:nPntuBe7E3dfiywDtuDyUV+cdLqtJh476fxFOt3gGeM=
github.com/EugeneGpil/router v0.0.5 h1:3Ph1SRrDq1M8B1ytXEUdtzK5QZaYK27MJ6XD2D8eFAE=
github.com/EugeneGpil/router v0.0.5/go.mod h1:dj5RayQXtYjZc3XRea4NlDofcgAzppGn+85TxlB6pgE=
github.com/EugeneGpil/tester v0.0.4 h1:UI0fGoJxo5QM8B1620Dv5nUTm6I6ICRK380Sq/r+9ag=
github.com/EugeneGpil/tester v0.0.4/go.mod h1:NMXHQcI+RHH36zBbS4AswGnHXvan8Lms89uW+gfYfzo=
github.com/EugeneGpil/translator v0.0.1 h1:lbA577+da/LLz8l0nbz4g6R/dLLVXW12Bagq8/2Glfo=
github.com/EugeneGpil/translator v0.0.1/go.mod h1:eTWTV+lHDnOgJG7LT9rk8jUeyinDiEwTMa7496JzjS8=
github.com/davecgh/go-spew v1.1.0 h1:ZDRjVQ15GmhC3fiQ8ni8+OwkZQO4DARzQgrnXU1Liz8=
github.com/davecgh/go-spew v1.1.0/go.mod h1:J7Y8YcW2NihsgmVo/mv3lAwl/skON4iLHjSsI+c5H38=
github.com/pmezard/go-difflib v1.0.0 h1:4DBwDE0NGyQoBHbLQYPwSUPoCMWR5BEzIk/f1lZbAQM=
github.com/pmezard/go-difflib v1.0.0/go.mod h1:iKH77koFhYxTK1pcRnkKkqfTogsbg7gZNVY4sRDYZ/4=
github.com/r3labs/sse/v2 v2.10.0 h1:hFEkLLFY4LDifoHdiCN/LlGBAdVJYsANaLqNYa1l/v0=
github.com/r3labs/sse/v2 v2.10.0/go.mod h1:Igau6Whc+F17QUgML1fYe1VPZzTV6EMCnYktEmkNJ7I=
github.com/stretchr/objx v0.1.0/go.mod h1:HFkY916IF+rwdDfMAkV7OtwuqBVzrE8GR6GFx+wExME=
github.com/stretchr/testify v1.7.0 h1:nwc3DEeHmmLAfoZucVR881uASk0Mfjw8xYJ99tb5CcY=
github.com/stretchr/testify v1.7.0/go.mod h1:6Fq8oRcR53rry900zMqJjRRixrwX3KX962/h/Wwjteg=
golang.org/x/crypto v0.0.0-20190308221718-c2843e01d9a2/go.mod h1:djNgcEr1/C05ACkg1iLfiJU5Ep61QUkGW8qpdssI0+w=
golang.org/x/net v0.0.0-20191116160921-f9c825593386 h1:ktbWvQrW08Txdxno1PiDpSxPXG6ndGsfnJjRRtkM0LQ=
golang.org/x/net v0.0.0-20191116160921-f9c825593386/go.mod h1:z5CRVTTTmAJ677TzLLGU+0bjPO0LkuOLi4/5GtJWs/s=
golang.org/x/sys v0.0.0-20190215142949-d0b11bdaac8a/go.mod h1:STP8DvDyc/dI5b8T5hshtkjS+E42TnysNCUPdjciGhY=
golang.org/x/text v0.3.0/go.mod h1:NqM8EUOU14njkJ3fqMW+pc6Ldnwhi/IjpwHt7yyuwOQ=
gopkg.in/cenkalti/backoff.v1 v1.1.0 h1:Arh75ttbsvlpVA7WtVpH4u9h6Zl46xuptxqLxPiSo4Y=
gopkg.in/cenkalti/backoff.v1 v1.1.0/go.mod h1:J6Vskwqd+OMVJl8C33mmtxTBs2gyzfv7UDAkHu8BrjI=
gopkg.in/check.v1 v0.0.0-20161208181325-20d25e280405/go.mod h1:Co6ibVJAznAaIkqp8huTwlJQCZ016jof/cbN4VW5Yz0=
gopkg.in/yaml.v3 v3.0.0-20200313102051-9f266ea9e77c h1:dUUwHk2QECo/6vqA44rthZ8ie2QXMNeKRTHCNY2nXvo=
gopkg.in/yaml.v3 v3.0.0-20200313102051-9f266ea9e77c/go.mod h1:K4uyk7z7BCEPqu6E+C64Yfv1cQ7kz7rIZviUmN+EgEM=
